github.com/LeeBrotherston/dactyloscopy v0.0.0-20210712004441-95e22a08e5a5 h1:lkggdFAYQWuyOdGstjZVFrMCHtKoTo2r124tsKc7b0o=
github.com/LeeBrotherston/dactyloscopy v0.0.0-20210712004441-95e22a08e5a5/go.mod h1:k+1BHEPQV9NuFSjbafZ8aISkUcuOq4kDHMjh7Vk9VUM=
github.com/joho/godotenv v1.3.0 h1:Zjp+RcGpHhGlrMbJzXTrZZPrWj+1vfm90La1wgB6Bhc=
github.com/joho/godotenv v1.3.0/go.mod h1:7hK45KPybAkOC6peb+G5yklZfMxEjkZhHbwpqxOKXbg=
github.com/spaolacci/murmur3 v1.1.0 h1:7c1g84S4BPRrfL5Xrdp6fOJ206sU9y293DDHaoy0bLI=
github.com/spaolacci/murmur3 v1.1.0/go.mod h1:JwIasOWyU6f++ZhiEuf87xNszmSA2myDM2Kzu9HwQUA=
