github.com/LeeBrotherston/dactyloscopy v0.0.0-20210707025623-02df07a2f238 h1:x2zpZwjXWiGYcAtb29IBbbNfQ1+3Gbd7FT+cHxfnGDI=
github.com/LeeBrotherston/dactyloscopy v0.0.0-20210707025623-02df07a2f238/go.mod h1:RgnBs/nIywGWht/8KqmsfWGOS6J84DMbuwv6fmP7gMg=
github.com/spaolacci/murmur3 v1.1.0 h1:7c1g84S4BPRrfL5Xrdp6fOJ206sU9y293DDHaoy0bLI=
github.com/spaolacci/murmur3 v1.1.0/go.mod h1:JwIasOWyU6f++ZhiEuf87xNszmSA2myDM2Kzu9HwQUA=
